// !$*UTF8*$!
{
	archiveVersion = 1;
	classes = {
	};
	objectVersion = 50;
	objects = {

/* Begin PBXBuildFile section */
		093A5B2D0F02BB1D76430194 /* Pods_RxSwiftDemo.framework in Frameworks */ = {isa = PBXBuildFile; fileRef = C70E65CAE866F79FB7BE54A1 /* Pods_RxSwiftDemo.framework */; };
		B225817B21A7BC0E004F874A /* AppDelegate.swift in Sources */ = {isa = PBXBuildFile; fileRef = B225817A21A7BC0E004F874A /* AppDelegate.swift */; };
		B225817D21A7BC0E004F874A /* RootViewController.swift in Sources */ = {isa = PBXBuildFile; fileRef = B225817C21A7BC0E004F874A /* RootViewController.swift */; };
		B225818021A7BC0E004F874A /* Main.storyboard in Resources */ = {isa = PBXBuildFile; fileRef = B225817E21A7BC0E004F874A /* Main.storyboard */; };
		B225818221A7BC0F004F874A /* Assets.xcassets in Resources */ = {isa = PBXBuildFile; fileRef = B225818121A7BC0F004F874A /* Assets.xcassets */; };
		B225818521A7BC0F004F874A /* LaunchScreen.storyboard in Resources */ = {isa = PBXBuildFile; fileRef = B225818321A7BC0F004F874A /* LaunchScreen.storyboard */; };
		B225819021A7BC0F004F874A /* RxSwiftDemoTests.swift in Sources */ = {isa = PBXBuildFile; fileRef = B225818F21A7BC0F004F874A /* RxSwiftDemoTests.swift */; };
		B225819B21A7BC0F004F874A /* RxSwiftDemoUITests.swift in Sources */ = {isa = PBXBuildFile; fileRef = B225819A21A7BC0F004F874A /* RxSwiftDemoUITests.swift */; };
		B22581AB21A7D452004F874A /* FirstRxSwifController.swift in Sources */ = {isa = PBXBuildFile; fileRef = B22581AA21A7D452004F874A /* FirstRxSwifController.swift */; };
/* End PBXBuildFile section */

/* Begin PBXContainerItemProxy section */
		B225818C21A7BC0F004F874A /* PBXContainerItemProxy */ = {
			isa = PBXContainerItemProxy;
			containerPortal = B225816F21A7BC0E004F874A /* Project object */;
			proxyType = 1;
			remoteGlobalIDString = B225817621A7BC0E004F874A;
			remoteInfo = RxSwiftDemo;
		};
		B225819721A7BC0F004F874A /* PBXContainerItemProxy */ = {
			isa = PBXContainerItemProxy;
			containerPortal = B225816F21A7BC0E004F874A /* Project object */;
			proxyType = 1;
			remoteGlobalIDString = B225817621A7BC0E004F874A;
			remoteInfo = RxSwiftDemo;
		};
/* End PBXContainerItemProxy section */

/* Begin PBXFileReference section */
		6000E7198576D3590419CC5C /* Pods-RxSwiftDemo.debug.xcconfig */ = {isa = PBXFileReference; includeInIndex = 1; lastKnownFileType = text.xcconfig; name = "Pods-RxSwiftDemo.debug.xcconfig"; path = "Pods/Target Support Files/Pods-RxSwiftDemo/Pods-RxSwiftDemo.debug.xcconfig"; sourceTree = "<group>"; };
		A6EF0C35A06D340314C31198 /* Pods-RxSwiftDemo.release.xcconfig */ = {isa = PBXFileReference; includeInIndex = 1; lastKnownFileType = text.xcconfig; name = "Pods-RxSwiftDemo.release.xcconfig"; path = "Pods/Target Support Files/Pods-RxSwiftDemo/Pods-RxSwiftDemo.release.xcconfig"; sourceTree = "<group>"; };
		B225817721A7BC0E004F874A /* RxSwiftDemo.app */ = {isa = PBXFileReference; explicitFileType = wrapper.application; includeInIndex = 0; path = RxSwiftDemo.app; sourceTree = BUILT_PRODUCTS_DIR; };
		B225817A21A7BC0E004F874A /* AppDelegate.swift */ = {isa = PBXFileReference; lastKnownFileType = sourcecode.swift; path = AppDelegate.swift; sourceTree = "<group>"; };
		B225817C21A7BC0E004F874A /* RootViewController.swift */ = {isa = PBXFileReference; lastKnownFileType = sourcecode.swift; path = RootViewController.swift; sourceTree = "<group>"; };
		B225817F21A7BC0E004F874A /* Base */ = {isa = PBXFileReference; lastKnownFileType = file.storyboard; name = Base; path = Base.lproj/Main.storyboard; sourceTree = "<group>"; };
		B225818121A7BC0F004F874A /* Assets.xcassets */ = {isa = PBXFileReference; lastKnownFileType = folder.assetcatalog; path = Assets.xcassets; sourceTree = "<group>"; };
		B225818421A7BC0F004F874A /* Base */ = {isa = PBXFileReference; lastKnownFileType = file.storyboard; name = Base; path = Base.lproj/LaunchScreen.storyboard; sourceTree = "<group>"; };
		B225818621A7BC0F004F874A /* Info.plist */ = {isa = PBXFileReference; lastKnownFileType = text.plist.xml; path = Info.plist; sourceTree = "<group>"; };
		B225818B21A7BC0F004F874A /* RxSwiftDemoTests.xctest */ = {isa = PBXFileReference; explicitFileType = wrapper.cfbundle; includeInIndex = 0; path = RxSwiftDemoTests.xctest; sourceTree = BUILT_PRODUCTS_DIR; };
		B225818F21A7BC0F004F874A /* RxSwiftDemoTests.swift */ = {isa = PBXFileReference; lastKnownFileType = sourcecode.swift; path = RxSwiftDemoTests.swift; sourceTree = "<group>"; };
		B225819121A7BC0F004F874A /* Info.plist */ = {isa = PBXFileReference; lastKnownFileType = text.plist.xml; path = Info.plist; sourceTree = "<group>"; };
		B225819621A7BC0F004F874A /* RxSwiftDemoUITests.xctest */ = {isa = PBXFileReference; explicitFileType = wrapper.cfbundle; includeInIndex = 0; path = RxSwiftDemoUITests.xctest; sourceTree = BUILT_PRODUCTS_DIR; };
		B225819A21A7BC0F004F874A /* RxSwiftDemoUITests.swift */ = {isa = PBXFileReference; lastKnownFileType = sourcecode.swift; path = RxSwiftDemoUITests.swift; sourceTree = "<group>"; };
		B225819C21A7BC0F004F874A /* Info.plist */ = {isa = PBXFileReference; lastKnownFileType = text.plist.xml; path = Info.plist; sourceTree = "<group>"; };
		B22581A921A7D1CF004F874A /* en */ = {isa = PBXFileReference; lastKnownFileType = text.plist.strings; name = en; path = en.lproj/Main.strings; sourceTree = "<group>"; };
		B22581AA21A7D452004F874A /* FirstRxSwifController.swift */ = {isa = PBXFileReference; lastKnownFileType = sourcecode.swift; path = FirstRxSwifController.swift; sourceTree = "<group>"; };
		C70E65CAE866F79FB7BE54A1 /* Pods_RxSwiftDemo.framework */ = {isa = PBXFileReference; explicitFileType = wrapper.framework; includeInIndex = 0; path = Pods_RxSwiftDemo.framework; sourceTree = BUILT_PRODUCTS_DIR; };
/* End PBXFileReference section */

/* Begin PBXFrameworksBuildPhase section */
		B225817421A7BC0E004F874A /* Frameworks */ = {
			isa = PBXFrameworksBuildPhase;
			buildActionMask = 2147483647;
			files = (
				093A5B2D0F02BB1D76430194 /* Pods_RxSwiftDemo.framework in Frameworks */,
			);
			runOnlyForDeploymentPostprocessing = 0;
		};
		B225818821A7BC0F004F874A /* Frameworks */ = {
			isa = PBXFrameworksBuildPhase;
			buildActionMask = 2147483647;
			files = (
			);
			runOnlyForDeploymentPostprocessing = 0;
		};
		B225819321A7BC0F004F874A /* Frameworks */ = {
			isa = PBXFrameworksBuildPhase;
			buildActionMask = 2147483647;
			files = (
			);
			runOnlyForDeploymentPostprocessing = 0;
		};
/* End PBXFrameworksBuildPhase section */

/* Begin PBXGroup section */
		5A2AA0543A812B98268C62BC /* Pods */ = {
			isa = PBXGroup;
			children = (
				6000E7198576D3590419CC5C /* Pods-RxSwiftDemo.debug.xcconfig */,
				A6EF0C35A06D340314C31198 /* Pods-RxSwiftDemo.release.xcconfig */,
			);
			name = Pods;
			sourceTree = "<group>";
		};
		B225816E21A7BC0E004F874A = {
			isa = PBXGroup;
			children = (
				B225817921A7BC0E004F874A /* RxSwiftDemo */,
				B225818E21A7BC0F004F874A /* RxSwiftDemoTests */,
				B225819921A7BC0F004F874A /* RxSwiftDemoUITests */,
				B225817821A7BC0E004F874A /* Products */,
				5A2AA0543A812B98268C62BC /* Pods */,
				C25D52E70442137146545803 /* Frameworks */,
			);
			sourceTree = "<group>";
		};
		B225817821A7BC0E004F874A /* Products */ = {
			isa = PBXGroup;
			children = (
				B225817721A7BC0E004F874A /* RxSwiftDemo.app */,
				B225818B21A7BC0F004F874A /* RxSwiftDemoTests.xctest */,
				B225819621A7BC0F004F874A /* RxSwiftDemoUITests.xctest */,
			);
			name = Products;
			sourceTree = "<group>";
		};
		B225817921A7BC0E004F874A /* RxSwiftDemo */ = {
			isa = PBXGroup;
			children = (
				B225817A21A7BC0E004F874A /* AppDelegate.swift */,
				B225817C21A7BC0E004F874A /* RootViewController.swift */,
				B22581AA21A7D452004F874A /* FirstRxSwifController.swift */,
				B225817E21A7BC0E004F874A /* Main.storyboard */,
				B225818121A7BC0F004F874A /* Assets.xcassets */,
				B225818321A7BC0F004F874A /* LaunchScreen.storyboard */,
				B225818621A7BC0F004F874A /* Info.plist */,
			);
			path = RxSwiftDemo;
			sourceTree = "<group>";
		};
		B225818E21A7BC0F004F874A /* RxSwiftDemoTests */ = {
			isa = PBXGroup;
			children = (
				B225818F21A7BC0F004F874A /* RxSwiftDemoTests.swift */,
				B225819121A7BC0F004F874A /* Info.plist */,
			);
			path = RxSwiftDemoTests;
			sourceTree = "<group>";
		};
		B225819921A7BC0F004F874A /* RxSwiftDemoUITests */ = {
			isa = PBXGroup;
			children = (
				B225819A21A7BC0F004F874A /* RxSwiftDemoUITests.swift */,
				B225819C21A7BC0F004F874A /* Info.plist */,
			);
			path = RxSwiftDemoUITests;
			sourceTree = "<group>";
		};
		C25D52E70442137146545803 /* Frameworks */ = {
			isa = PBXGroup;
			children = (
				C70E65CAE866F79FB7BE54A1 /* Pods_RxSwiftDemo.framework */,
			);
			name = Frameworks;
			sourceTree = "<group>";
		};
/* End PBXGroup section */

/* Begin PBXNativeTarget section */
		B225817621A7BC0E004F874A /* RxSwiftDemo */ = {
			isa = PBXNativeTarget;
			buildConfigurationList = B225819F21A7BC0F004F874A /* Build configuration list for PBXNativeTarget "RxSwiftDemo" */;
			buildPhases = (
				384A13E27AC3D82E2F71D03D /* [CP] Check Pods Manifest.lock */,
				B225817321A7BC0E004F874A /* Sources */,
				B225817421A7BC0E004F874A /* Frameworks */,
				B225817521A7BC0E004F874A /* Resources */,
				DCDB86E13E6BD2D17CEBDF42 /* [CP] Embed Pods Frameworks */,
			);
			buildRules = (
			);
			dependencies = (
			);
			name = RxSwiftDemo;
			productName = RxSwiftDemo;
			productReference = B225817721A7BC0E004F874A /* RxSwiftDemo.app */;
			productType = "com.apple.product-type.application";
		};
		B225818A21A7BC0F004F874A /* RxSwiftDemoTests */ = {
			isa = PBXNativeTarget;
			buildConfigurationList = B22581A221A7BC0F004F874A /* Build configuration list for PBXNativeTarget "RxSwiftDemoTests" */;
			buildPhases = (
				B225818721A7BC0F004F874A /* Sources */,
				B225818821A7BC0F004F874A /* Frameworks */,
				B225818921A7BC0F004F874A /* Resources */,
			);
			buildRules = (
			);
			dependencies = (
				B225818D21A7BC0F004F874A /* PBXTargetDependency */,
			);
			name = RxSwiftDemoTests;
			productName = RxSwiftDemoTests;
			productReference = B225818B21A7BC0F004F874A /* RxSwiftDemoTests.xctest */;
			productType = "com.apple.product-type.bundle.unit-test";
		};
		B225819521A7BC0F004F874A /* RxSwiftDemoUITests */ = {
			isa = PBXNativeTarget;
			buildConfigurationList = B22581A521A7BC0F004F874A /* Build configuration list for PBXNativeTarget "RxSwiftDemoUITests" */;
			buildPhases = (
				B225819221A7BC0F004F874A /* Sources */,
				B225819321A7BC0F004F874A /* Frameworks */,
				B225819421A7BC0F004F874A /* Resources */,
			);
			buildRules = (
			);
			dependencies = (
				B225819821A7BC0F004F874A /* PBXTargetDependency */,
			);
			name = RxSwiftDemoUITests;
			productName = RxSwiftDemoUITests;
			productReference = B225819621A7BC0F004F874A /* RxSwiftDemoUITests.xctest */;
			productType = "com.apple.product-type.bundle.ui-testing";
		};
/* End PBXNativeTarget section */

/* Begin PBXProject section */
		B225816F21A7BC0E004F874A /* Project object */ = {
			isa = PBXProject;
			attributes = {
				LastSwiftUpdateCheck = 1010;
				LastUpgradeCheck = 1010;
				ORGANIZATIONNAME = "IT A";
				TargetAttributes = {
					B225817621A7BC0E004F874A = {
						CreatedOnToolsVersion = 10.1;
					};
					B225818A21A7BC0F004F874A = {
						CreatedOnToolsVersion = 10.1;
						TestTargetID = B225817621A7BC0E004F874A;
					};
					B225819521A7BC0F004F874A = {
						CreatedOnToolsVersion = 10.1;
						TestTargetID = B225817621A7BC0E004F874A;
					};
				};
			};
			buildConfigurationList = B225817221A7BC0E004F874A /* Build configuration list for PBXProject "RxSwiftDemo" */;
			compatibilityVersion = "Xcode 9.3";
			developmentRegion = en;
			hasScannedForEncodings = 0;
			knownRegions = (
				en,
				Base,
			);
			mainGroup = B225816E21A7BC0E004F874A;
			productRefGroup = B225817821A7BC0E004F874A /* Products */;
			projectDirPath = "";
			projectRoot = "";
			targets = (
				B225817621A7BC0E004F874A /* RxSwiftDemo */,
				B225818A21A7BC0F004F874A /* RxSwiftDemoTests */,
				B225819521A7BC0F004F874A /* RxSwiftDemoUITests */,
			);
		};
/* End PBXProject section */

/* Begin PBXResourcesBuildPhase section */
		B225817521A7BC0E004F874A /* Resources */ = {
			isa = PBXResourcesBuildPhase;
			buildActionMask = 2147483647;
			files = (
				B225818521A7BC0F004F874A /* LaunchScreen.storyboard in Resources */,
				B225818221A7BC0F004F874A /* Assets.xcassets in Resources */,
				B225818021A7BC0E004F874A /* Main.storyboard in Resources */,
			);
			runOnlyForDeploymentPostprocessing = 0;
		};
		B225818921A7BC0F004F874A /* Resources */ = {
			isa = PBXResourcesBuildPhase;
			buildActionMask = 2147483647;
			files = (
			);
			runOnlyForDeploymentPostprocessing = 0;
		};
		B225819421A7BC0F004F874A /* Resources */ = {
			isa = PBXResourcesBuildPhase;
			buildActionMask = 2147483647;
			files = (
			);
			runOnlyForDeploymentPostprocessing = 0;
		};
/* End PBXResourcesBuildPhase section */

/* Begin PBXShellScriptBuildPhase section */
		384A13E27AC3D82E2F71D03D /* [CP] Check Pods Manifest.lock */ = {
			isa = PBXShellScriptBuildPhase;
			buildActionMask = 2147483647;
			files = (
			);
			inputPaths = (
				"${PODS_PODFILE_DIR_PATH}/Podfile.lock",
				"${PODS_ROOT}/Manifest.lock",
			);
			name = "[CP] Check Pods Manifest.lock";
			outputPaths = (
				"$(DERIVED_FILE_DIR)/Pods-RxSwiftDemo-checkManifestLockResult.txt",
			);
			runOnlyForDeploymentPostprocessing = 0;
			shellPath = /bin/sh;
			shellScript = "diff \"${PODS_PODFILE_DIR_PATH}/Podfile.lock\" \"${PODS_ROOT}/Manifest.lock\" > /dev/null\nif [ $? != 0 ] ; then\n    # print error to STDERR\n    echo \"error: The sandbox is not in sync with the Podfile.lock. Run 'pod install' or update your CocoaPods installation.\" >&2\n    exit 1\nfi\n# This output is used by Xcode 'outputs' to avoid re-running this script phase.\necho \"SUCCESS\" > \"${SCRIPT_OUTPUT_FILE_0}\"\n";
			showEnvVarsInLog = 0;
		};
		DCDB86E13E6BD2D17CEBDF42 /* [CP] Embed Pods Frameworks */ = {
			isa = PBXShellScriptBuildPhase;
			buildActionMask = 2147483647;
			files = (
			);
			inputPaths = (
				"${SRCROOT}/Pods/Target Support Files/Pods-RxSwiftDemo/Pods-RxSwiftDemo-frameworks.sh",
				"${BUILT_PRODUCTS_DIR}/RxAtomic/RxAtomic.framework",
				"${BUILT_PRODUCTS_DIR}/RxCocoa/RxCocoa.framework",
				"${BUILT_PRODUCTS_DIR}/RxSwift/RxSwift.framework",
			);
			name = "[CP] Embed Pods Frameworks";
			outputPaths = (
				"${TARGET_BUILD_DIR}/${FRAMEWORKS_FOLDER_PATH}/RxAtomic.framework",
				"${TARGET_BUILD_DIR}/${FRAMEWORKS_FOLDER_PATH}/RxCocoa.framework",
				"${TARGET_BUILD_DIR}/${FRAMEWORKS_FOLDER_PATH}/RxSwift.framework",
			);
			runOnlyForDeploymentPostprocessing = 0;
			shellPath = /bin/sh;
			shellScript = "\"${SRCROOT}/Pods/Target Support Files/Pods-RxSwiftDemo/Pods-RxSwiftDemo-frameworks.sh\"\n";
			showEnvVarsInLog = 0;
		};
/* End PBXShellScriptBuildPhase section */

/* Begin PBXSourcesBuildPhase section */
		B225817321A7BC0E004F874A /* Sources */ = {
			isa = PBXSourcesBuildPhase;
			buildActionMask = 2147483647;
			files = (
				B225817D21A7BC0E004F874A /* RootViewController.swift in Sources */,
				B22581AB21A7D452004F874A /* FirstRxSwifController.swift in Sources */,
				B225817B21A7BC0E004F874A /* AppDelegate.swift in Sources */,
			);
			runOnlyForDeploymentPostprocessing = 0;
		};
		B225818721A7BC0F004F874A /* Sources */ = {
			isa = PBXSourcesBuildPhase;
			buildActionMask = 2147483647;
			files = (
				B225819021A7BC0F004F874A /* RxSwiftDemoTests.swift in Sources */,
			);
			runOnlyForDeploymentPostprocessing = 0;
		};
		B225819221A7BC0F004F874A /* Sources */ = {
			isa = PBXSourcesBuildPhase;
			buildActionMask = 2147483647;
			files = (
				B225819B21A7BC0F004F874A /* RxSwiftDemoUITests.swift in Sources */,
			);
			runOnlyForDeploymentPostprocessing = 0;
		};
/* End PBXSourcesBuildPhase section */

/* Begin PBXTargetDependency section */
		B225818D21A7BC0F004F874A /* PBXTargetDependency */ = {
			isa = PBXTargetDependency;
			target = B225817621A7BC0E004F874A /* RxSwiftDemo */;
			targetProxy = B225818C21A7BC0F004F874A /* PBXContainerItemProxy */;
		};
		B225819821A7BC0F004F874A /* PBXTargetDependency */ = {
			isa = PBXTargetDependency;
			target = B225817621A7BC0E004F874A /* RxSwiftDemo */;
			targetProxy = B225819721A7BC0F004F874A /* PBXContainerItemProxy */;
		};
/* End PBXTargetDependency section */

/* Begin PBXVariantGroup section */
		B225817E21A7BC0E004F874A /* Main.storyboard */ = {
			isa = PBXVariantGroup;
			children = (
				B225817F21A7BC0E004F874A /* Base */,
				B22581A921A7D1CF004F874A /* en */,
			);
			name = Main.storyboard;
			sourceTree = "<group>";
		};
		B225818321A7BC0F004F874A /* LaunchScreen.storyboard */ = {
			isa = PBXVariantGroup;
			children = (
				B225818421A7BC0F004F874A /* Base */,
			);
			name = LaunchScreen.storyboard;
			sourceTree = "<group>";
		};
/* End PBXVariantGroup section */

/* Begin XCBuildConfiguration section */
		B225819D21A7BC0F004F874A /* Debug */ = {
			isa = XCBuildConfiguration;
			buildSettings = {
				ALWAYS_SEARCH_USER_PATHS = NO;
				CLANG_ANALYZER_NONNULL = YES;
				CLANG_ANALYZER_NUMBER_OBJECT_CONVERSION = YES_AGGRESSIVE;
				CLANG_CXX_LANGUAGE_STANDARD = "gnu++14";
				CLANG_CXX_LIBRARY = "libc++";
				CLANG_ENABLE_MODULES = YES;
				CLANG_ENABLE_OBJC_ARC = YES;
				CLANG_ENABLE_OBJC_WEAK = YES;
				CLANG_WARN_BLOCK_CAPTURE_AUTORELEASING = YES;
				CLANG_WARN_BOOL_CONVERSION = YES;
				CLANG_WARN_COMMA = YES;
				CLANG_WARN_CONSTANT_CONVERSION = YES;
				CLANG_WARN_DEPRECATED_OBJC_IMPLEMENTATIONS = YES;
				CLANG_WARN_DIRECT_OBJC_ISA_USAGE = YES_ERROR;
				CLANG_WARN_DOCUMENTATION_COMMENTS = YES;
				CLANG_WARN_EMPTY_BODY = YES;
				CLANG_WARN_ENUM_CONVERSION = YES;
				CLANG_WARN_INFINITE_RECURSION = YES;
				CLANG_WARN_INT_CONVERSION = YES;
				CLANG_WARN_NON_LITERAL_NULL_CONVERSION = YES;
				CLANG_WARN_OBJC_IMPLICIT_RETAIN_SELF = YES;
				CLANG_WARN_OBJC_LITERAL_CONVERSION = YES;
				CLANG_WARN_OBJC_ROOT_CLASS = YES_ERROR;
				CLANG_WARN_RANGE_LOOP_ANALYSIS = YES;
				CLANG_WARN_STRICT_PROTOTYPES = YES;
				CLANG_WARN_SUSPICIOUS_MOVE = YES;
				CLANG_WARN_UNGUARDED_AVAILABILITY = YES_AGGRESSIVE;
				CLANG_WARN_UNREACHABLE_CODE = YES;
				CLANG_WARN__DUPLICATE_METHOD_MATCH = YES;
				CODE_SIGN_IDENTITY = "iPhone Developer";
				COPY_PHASE_STRIP = NO;
				DEBUG_INFORMATION_FORMAT = dwarf;
				ENABLE_STRICT_OBJC_MSGSEND = YES;
				ENABLE_TESTABILITY = YES;
				GCC_C_LANGUAGE_STANDARD = gnu11;
				GCC_DYNAMIC_NO_PIC = NO;
				GCC_NO_COMMON_BLOCKS = YES;
				GCC_OPTIMIZATION_LEVEL = 0;
				GCC_PREPROCESSOR_DEFINITIONS = (
					"DEBUG=1",
					"$(inherited)",
				);
				GCC_WARN_64_TO_32_BIT_CONVERSION = YES;
				GCC_WARN_ABOUT_RETURN_TYPE = YES_ERROR;
				GCC_WARN_UNDECLARED_SELECTOR = YES;
				GCC_WARN_UNINITIALIZED_AUTOS = YES_AGGRESSIVE;
				GCC_WARN_UNUSED_FUNCTION = YES;
				GCC_WARN_UNUSED_VARIABLE = YES;
				IPHONEOS_DEPLOYMENT_TARGET = 12.1;
				MTL_ENABLE_DEBUG_INFO = INCLUDE_SOURCE;
				MTL_FAST_MATH = YES;
				ONLY_ACTIVE_ARCH = YES;
				SDKROOT = iphoneos;
				SWIFT_ACTIVE_COMPILATION_CONDITIONS = DEBUG;
				SWIFT_OPTIMIZATION_LEVEL = "-Onone";
			};
			name = Debug;
		};
		B225819E21A7BC0F004F874A /* Release */ = {
			isa = XCBuildConfiguration;
			buildSettings = {
				ALWAYS_SEARCH_USER_PATHS = NO;
				CLANG_ANALYZER_NONNULL = YES;
				CLANG_ANALYZER_NUMBER_OBJECT_CONVERSION = YES_AGGRESSIVE;
				CLANG_CXX_LANGUAGE_STANDARD = "gnu++14";
				CLANG_CXX_LIBRARY = "libc++";
				CLANG_ENABLE_MODULES = YES;
				CLANG_ENABLE_OBJC_ARC = YES;
				CLANG_ENABLE_OBJC_WEAK = YES;
				CLANG_WARN_BLOCK_CAPTURE_AUTORELEASING = YES;
				CLANG_WARN_BOOL_CONVERSION = YES;
				CLANG_WARN_COMMA = YES;
				CLANG_WARN_CONSTANT_CONVERSION = YES;
				CLANG_WARN_DEPRECATED_OBJC_IMPLEMENTATIONS = YES;
				CLANG_WARN_DIRECT_OBJC_ISA_USAGE = YES_ERROR;
				CLANG_WARN_DOCUMENTATION_COMMENTS = YES;
				CLANG_WARN_EMPTY_BODY = YES;
				CLANG_WARN_ENUM_CONVERSION = YES;
				CLANG_WARN_INFINITE_RECURSION = YES;
				CLANG_WARN_INT_CONVERSION = YES;
				CLANG_WARN_NON_LITERAL_NULL_CONVERSION = YES;
				CLANG_WARN_OBJC_IMPLICIT_RETAIN_SELF = YES;
				CLANG_WARN_OBJC_LITERAL_CONVERSION = YES;
				CLANG_WARN_OBJC_ROOT_CLASS = YES_ERROR;
				CLANG_WARN_RANGE_LOOP_ANALYSIS = YES;
				CLANG_WARN_STRICT_PROTOTYPES = YES;
				CLANG_WARN_SUSPICIOUS_MOVE = YES;
				CLANG_WARN_UNGUARDED_AVAILABILITY = YES_AGGRESSIVE;
				CLANG_WARN_UNREACHABLE_CODE = YES;
				CLANG_WARN__DUPLICATE_METHOD_MATCH = YES;
				CODE_SIGN_IDENTITY = "iPhone Developer";
				COPY_PHASE_STRIP = NO;
				DEBUG_INFORMATION_FORMAT = "dwarf-with-dsym";
				ENABLE_NS_ASSERTIONS = NO;
				ENABLE_STRICT_OBJC_MSGSEND = YES;
				GCC_C_LANGUAGE_STANDARD = gnu11;
				GCC_NO_COMMON_BLOCKS = YES;
				GCC_WARN_64_TO_32_BIT_CONVERSION = YES;
				GCC_WARN_ABOUT_RETURN_TYPE = YES_ERROR;
				GCC_WARN_UNDECLARED_SELECTOR = YES;
				GCC_WARN_UNINITIALIZED_AUTOS = YES_AGGRESSIVE;
				GCC_WARN_UNUSED_FUNCTION = YES;
				GCC_WARN_UNUSED_VARIABLE = YES;
				IPHONEOS_DEPLOYMENT_TARGET = 12.1;
				MTL_ENABLE_DEBUG_INFO = NO;
				MTL_FAST_MATH = YES;
				SDKROOT = iphoneos;
				SWIFT_COMPILATION_MODE = wholemodule;
				SWIFT_OPTIMIZATION_LEVEL = "-O";
				VALIDATE_PRODUCT = YES;
			};
			name = Release;
		};
		B22581A021A7BC0F004F874A /* Debug */ = {
			isa = XCBuildConfiguration;
			baseConfigurationReference = 6000E7198576D3590419CC5C /* Pods-RxSwiftDemo.debug.xcconfig */;
			buildSettings = {
				ASSETCATALOG_COMPILER_APPICON_NAME = AppIcon;
				CODE_SIGN_STYLE = Automatic;
				INFOPLIST_FILE = RxSwiftDemo/Info.plist;
				LD_RUNPATH_SEARCH_PATHS = (
					"$(inherited)",
					"@executable_path/Frameworks",
				);
				PRODUCT_BUNDLE_IDENTIFIER = MQL.RxSwiftDemo;
				PRODUCT_NAME = "$(TARGET_NAME)";
				SWIFT_VERSION = 4.2;
				TARGETED_DEVICE_FAMILY = "1,2";
			};
			name = Debug;
		};
		B22581A121A7BC0F004F874A /* Release */ = {
			isa = XCBuildConfiguration;
			baseConfigurationReference = A6EF0C35A06D340314C31198 /* Pods-RxSwiftDemo.release.xcconfig */;
			buildSettings = {
				ASSETCATALOG_COMPILER_APPICON_NAME = AppIcon;
				CODE_SIGN_STYLE = Automatic;
				INFOPLIST_FILE = RxSwiftDemo/Info.plist;
				LD_RUNPATH_SEARCH_PATHS = (
					"$(inherited)",
					"@executable_path/Frameworks",
				);
				PRODUCT_BUNDLE_IDENTIFIER = MQL.RxSwiftDemo;
				PRODUCT_NAME = "$(TARGET_NAME)";
				SWIFT_VERSION = 4.2;
				TARGETED_DEVICE_FAMILY = "1,2";
			};
			name = Release;
		};
		B22581A321A7BC0F004F874A /* Debug */ = {
			isa = XCBuildConfiguration;
			buildSettings = {
				ALWAYS_EMBED_SWIFT_STANDARD_LIBRARIES = YES;
				BUNDLE_LOADER = "$(TEST_HOST)";
				CODE_SIGN_STYLE = Automatic;
				INFOPLIST_FILE = RxSwiftDemoTests/Info.plist;
				LD_RUNPATH_SEARCH_PATHS = (
					"$(inherited)",
					"@executable_path/Frameworks",
					"@loader_path/Frameworks",
				);
				PRODUCT_BUNDLE_IDENTIFIER = MQL.RxSwiftDemoTests;
				PRODUCT_NAME = "$(TARGET_NAME)";
				SWIFT_VERSION = 4.2;
				TARGETED_DEVICE_FAMILY = "1,2";
				TEST_HOST = "$(BUILT_PRODUCTS_DIR)/RxSwiftDemo.app/RxSwiftDemo";
			};
			name = Debug;
		};
		B22581A421A7BC0F004F874A /* Release */ = {
			isa = XCBuildConfiguration;
			buildSettings = {
				ALWAYS_EMBED_SWIFT_STANDARD_LIBRARIES = YES;
				BUNDLE_LOADER = "$(TEST_HOST)";
				CODE_SIGN_STYLE = Automatic;
				INFOPLIST_FILE = RxSwiftDemoTests/Info.plist;
				LD_RUNPATH_SEARCH_PATHS = (
					"$(inherited)",
					"@executable_path/Frameworks",
					"@loader_path/Frameworks",
				);
				PRODUCT_BUNDLE_IDENTIFIER = MQL.RxSwiftDemoTests;
				PRODUCT_NAME = "$(TARGET_NAME)";
				SWIFT_VERSION = 4.2;
				TARGETED_DEVICE_FAMILY = "1,2";
				TEST_HOST = "$(BUILT_PRODUCTS_DIR)/RxSwiftDemo.app/RxSwiftDemo";
			};
			name = Release;
		};
		B22581A621A7BC0F004F874A /* Debug */ = {
			isa = XCBuildConfiguration;
			buildSettings = {
				ALWAYS_EMBED_SWIFT_STANDARD_LIBRARIES = YES;
				CODE_SIGN_STYLE = Automatic;
				INFOPLIST_FILE = RxSwiftDemoUITests/Info.plist;
				LD_RUNPATH_SEARCH_PATHS = (
					"$(inherited)",
					"@executable_path/Frameworks",
					"@loader_path/Frameworks",
				);
				PRODUCT_BUNDLE_IDENTIFIER = MQL.RxSwiftDemoUITests;
				PRODUCT_NAME = "$(TARGET_NAME)";
				SWIFT_VERSION = 4.2;
				TARGETED_DEVICE_FAMILY = "1,2";
				TEST_TARGET_NAME = RxSwiftDemo;
			};
			name = Debug;
		};
		B22581A721A7BC0F004F874A /* Release */ = {
			isa = XCBuildConfiguration;
			buildSettings = {
				ALWAYS_EMBED_SWIFT_STANDARD_LIBRARIES = YES;
				CODE_SIGN_STYLE = Automatic;
				INFOPLIST_FILE = RxSwiftDemoUITests/Info.plist;
				LD_RUNPATH_SEARCH_PATHS = (
					"$(inherited)",
					"@executable_path/Frameworks",
					"@loader_path/Frameworks",
				);
				PRODUCT_BUNDLE_IDENTIFIER = MQL.RxSwiftDemoUITests;
				PRODUCT_NAME = "$(TARGET_NAME)";
				SWIFT_VERSION = 4.2;
				TARGETED_DEVICE_FAMILY = "1,2";
				TEST_TARGET_NAME = RxSwiftDemo;
			};
			name = Release;
		};
/* End XCBuildConfiguration section */

/* Begin XCConfigurationList section */
		B225817221A7BC0E004F874A /* Build configuration list for PBXProject "RxSwiftDemo" */ = {
			isa = XCConfigurationList;
			buildConfigurations = (
				B225819D21A7BC0F004F874A /* Debug */,
				B225819E21A7BC0F004F874A /* Release */,
			);
			defaultConfigurationIsVisible = 0;
			defaultConfigurationName = Release;
		};
		B225819F21A7BC0F004F874A /* Build configuration list for PBXNativeTarget "RxSwiftDemo" */ = {
			isa = XCConfigurationList;
			buildConfigurations = (
				B22581A021A7BC0F004F874A /* Debug */,
				B22581A121A7BC0F004F874A /* Release */,
			);
			defaultConfigurationIsVisible = 0;
			defaultConfigurationName = Release;
		};
		B22581A221A7BC0F004F874A /* Build configuration list for PBXNativeTarget "RxSwiftDemoTests" */ = {
			isa = XCConfigurationList;
			buildConfigurations = (
				B22581A321A7BC0F004F874A /* Debug */,
				B22581A421A7BC0F004F874A /* Release */,
			);
			defaultConfigurationIsVisible = 0;
			defaultConfigurationName = Release;
		};
		B22581A521A7BC0F004F874A /* Build configuration list for PBXNativeTarget "RxSwiftDemoUITests" */ = {
			isa = XCConfigurationList;
			buildConfigurations = (
				B22581A621A7BC0F004F874A /* Debug */,
				B22581A721A7BC0F004F874A /* Release */,
			);
			defaultConfigurationIsVisible = 0;
			defaultConfigurationName = Release;
		};
/* End XCConfigurationList section */
	};
	rootObject = B225816F21A7BC0E004F874A /* Project object */;
}
